
Microsoft Visual Studio Solution File, Format Version 12.00
# Visual Studio 15
VisualStudioVersion = 15.0.27428.2015
MinimumVisualStudioVersion = 10.0.40219.1
Project("{FAE04EC0-301F-11D3-BF4B-00C04F79EFBC}") = "JotaJotaWeb", "JotaJotaWeb\JotaJotaWeb.csproj", "{30E02363-E804-49C3-9555-E2A0C7966916}"
EndProject
Global
	GlobalSection(SolutionConfigurationPlatforms) = preSolution
		Debug|Any CPU = Debug|Any CPU
		Release|Any CPU = Release|Any CPU
	EndGlobalSection
	GlobalSection(ProjectConfigurationPlatforms) = postSolution
		{30E02363-E804-49C3-9555-E2A0C7966916}.Debug|Any CPU.ActiveCfg = Debug|Any CPU
		{30E02363-E804-49C3-9555-E2A0C7966916}.Debug|Any CPU.Build.0 = Debug|Any CPU
		{30E02363-E804-49C3-9555-E2A0C7966916}.Release|Any CPU.ActiveCfg = Release|Any CPU
		{30E02363-E804-49C3-9555-E2A0C7966916}.Release|Any CPU.Build.0 = Release|Any CPU
	EndGlobalSection
	GlobalSection(SolutionProperties) = preSolution
		HideSolutionNode = FALSE
	EndGlobalSection
	GlobalSection(ExtensibilityGlobals) = postSolution
		SolutionGuid = {1EE5F2D2-805E-4A19-A6E0-599AC15F2C0A}
	EndGlobalSection
EndGlobal
